
Microsoft Visual Studio Solution File, Format Version 12.00
# Visual Studio 15
VisualStudioVersion = 15.0.27130.2036
MinimumVisualStudioVersion = 10.0.40219.1
Project("{FAE04EC0-301F-11D3-BF4B-00C04F79EFBC}") = "GenericStack", "..\Stacks\GenericStack\GenericStack.csproj", "{37B3DF08-827A-40CE-8C73-C1D4B749FC97}"
EndProject
Project("{FAE04EC0-301F-11D3-BF4B-00C04F79EFBC}") = "ArithmeticEvaluator", "ArithmeticEvaluator\ArithmeticEvaluator.csproj", "{D06E9137-F69F-4B3D-86C8-0DD336B192E4}"
EndProject
Project("{FAE04EC0-301F-11D3-BF4B-00C04F79EFBC}") = "ArithmeticEvaluatorTest", "ArithmeticEvaluatorTest\ArithmeticEvaluatorTest.csproj", "{37CAB2D1-FE11-49C4-8173-5956A7AF9A9C}"
EndProject
Global
	GlobalSection(SolutionConfigurationPlatforms) = preSolution
		Debug|Any CPU = Debug|Any CPU
		Release|Any CPU = Release|Any CPU
	EndGlobalSection
	GlobalSection(ProjectConfigurationPlatforms) = postSolution
		{37B3DF08-827A-40CE-8C73-C1D4B749FC97}.Debug|Any CPU.ActiveCfg = Debug|Any CPU
		{37B3DF08-827A-40CE-8C73-C1D4B749FC97}.Debug|Any CPU.Build.0 = Debug|Any CPU
		{37B3DF08-827A-40CE-8C73-C1D4B749FC97}.Release|Any CPU.ActiveCfg = Release|Any CPU
		{37B3DF08-827A-40CE-8C73-C1D4B749FC97}.Release|Any CPU.Build.0 = Release|Any CPU
		{D06E9137-F69F-4B3D-86C8-0DD336B192E4}.Debug|Any CPU.ActiveCfg = Debug|Any CPU
		{D06E9137-F69F-4B3D-86C8-0DD336B192E4}.Debug|Any CPU.Build.0 = Debug|Any CPU
		{D06E9137-F69F-4B3D-86C8-0DD336B192E4}.Release|Any CPU.ActiveCfg = Release|Any CPU
		{D06E9137-F69F-4B3D-86C8-0DD336B192E4}.Release|Any CPU.Build.0 = Release|Any CPU
		{37CAB2D1-FE11-49C4-8173-5956A7AF9A9C}.Debug|Any CPU.ActiveCfg = Debug|Any CPU
		{37CAB2D1-FE11-49C4-8173-5956A7AF9A9C}.Debug|Any CPU.Build.0 = Debug|Any CPU
		{37CAB2D1-FE11-49C4-8173-5956A7AF9A9C}.Release|Any CPU.ActiveCfg = Release|Any CPU
		{37CAB2D1-FE11-49C4-8173-5956A7AF9A9C}.Release|Any CPU.Build.0 = Release|Any CPU
	EndGlobalSection
	GlobalSection(SolutionProperties) = preSolution
		HideSolutionNode = FALSE
	EndGlobalSection
	GlobalSection(ExtensibilityGlobals) = postSolution
		SolutionGuid = {6795444B-F007-4DA7-8C45-4270ED4BDE52}
	EndGlobalSection
EndGlobal
