
Microsoft Visual Studio Solution File, Format Version 12.00
# Visual Studio 15
VisualStudioVersion = 15.0.26430.16
MinimumVisualStudioVersion = 10.0.40219.1
Project("{FAE04EC0-301F-11D3-BF4B-00C04F79EFBC}") = "BinarySearch", "BinarySearch\BinarySearch.csproj", "{AB305234-407E-4EA4-AB0E-070EC6E0E49C}"
EndProject
Project("{FAE04EC0-301F-11D3-BF4B-00C04F79EFBC}") = "BinarySearchTest", "BinarySearchTest\BinarySearchTest.csproj", "{822246E5-66EA-4119-A5CB-3AD7AE7417DC}"
EndProject
Global
	GlobalSection(SolutionConfigurationPlatforms) = preSolution
		Debug|Any CPU = Debug|Any CPU
		Release|Any CPU = Release|Any CPU
	EndGlobalSection
	GlobalSection(ProjectConfigurationPlatforms) = postSolution
		{AB305234-407E-4EA4-AB0E-070EC6E0E49C}.Debug|Any CPU.ActiveCfg = Debug|Any CPU
		{AB305234-407E-4EA4-AB0E-070EC6E0E49C}.Debug|Any CPU.Build.0 = Debug|Any CPU
		{AB305234-407E-4EA4-AB0E-070EC6E0E49C}.Release|Any CPU.ActiveCfg = Release|Any CPU
		{AB305234-407E-4EA4-AB0E-070EC6E0E49C}.Release|Any CPU.Build.0 = Release|Any CPU
		{822246E5-66EA-4119-A5CB-3AD7AE7417DC}.Debug|Any CPU.ActiveCfg = Debug|Any CPU
		{822246E5-66EA-4119-A5CB-3AD7AE7417DC}.Debug|Any CPU.Build.0 = Debug|Any CPU
		{822246E5-66EA-4119-A5CB-3AD7AE7417DC}.Release|Any CPU.ActiveCfg = Release|Any CPU
		{822246E5-66EA-4119-A5CB-3AD7AE7417DC}.Release|Any CPU.Build.0 = Release|Any CPU
	EndGlobalSection
	GlobalSection(SolutionProperties) = preSolution
		HideSolutionNode = FALSE
	EndGlobalSection
EndGlobal
