
Microsoft Visual Studio Solution File, Format Version 12.00
# Visual Studio 15
VisualStudioVersion = 15.0.26430.16
MinimumVisualStudioVersion = 10.0.40219.1
Project("{FAE04EC0-301F-11D3-BF4B-00C04F79EFBC}") = "GenericStack", "GenericStack\GenericStack.csproj", "{37B3DF08-827A-40CE-8C73-C1D4B749FC97}"
EndProject
Project("{FAE04EC0-301F-11D3-BF4B-00C04F79EFBC}") = "GenericStackTest", "GenericStackTest\GenericStackTest.csproj", "{CECBA46F-D3DD-4E94-810C-864B31A7E8AE}"
EndProject
Global
	GlobalSection(SolutionConfigurationPlatforms) = preSolution
		Debug|Any CPU = Debug|Any CPU
		Release|Any CPU = Release|Any CPU
	EndGlobalSection
	GlobalSection(ProjectConfigurationPlatforms) = postSolution
		{37B3DF08-827A-40CE-8C73-C1D4B749FC97}.Debug|Any CPU.ActiveCfg = Debug|Any CPU
		{37B3DF08-827A-40CE-8C73-C1D4B749FC97}.Debug|Any CPU.Build.0 = Debug|Any CPU
		{37B3DF08-827A-40CE-8C73-C1D4B749FC97}.Release|Any CPU.ActiveCfg = Release|Any CPU
		{37B3DF08-827A-40CE-8C73-C1D4B749FC97}.Release|Any CPU.Build.0 = Release|Any CPU
		{CECBA46F-D3DD-4E94-810C-864B31A7E8AE}.Debug|Any CPU.ActiveCfg = Debug|Any CPU
		{CECBA46F-D3DD-4E94-810C-864B31A7E8AE}.Debug|Any CPU.Build.0 = Debug|Any CPU
		{CECBA46F-D3DD-4E94-810C-864B31A7E8AE}.Release|Any CPU.ActiveCfg = Release|Any CPU
		{CECBA46F-D3DD-4E94-810C-864B31A7E8AE}.Release|Any CPU.Build.0 = Release|Any CPU
	EndGlobalSection
	GlobalSection(SolutionProperties) = preSolution
		HideSolutionNode = FALSE
	EndGlobalSection
EndGlobal
