
Microsoft Visual Studio Solution File, Format Version 12.00
# Visual Studio Version 16
VisualStudioVersion = 16.0.31402.337
MinimumVisualStudioVersion = 10.0.40219.1
Project("{FAE04EC0-301F-11D3-BF4B-00C04F79EFBC}") = "CrackingCodeInterview", "CrackingCodeInterview\CrackingCodeInterview.csproj", "{753FC878-21C3-4BB2-A8E1-13B432E4A7ED}"
EndProject
Global
	GlobalSection(SolutionConfigurationPlatforms) = preSolution
		Debug|Any CPU = Debug|Any CPU
		Release|Any CPU = Release|Any CPU
	EndGlobalSection
	GlobalSection(ProjectConfigurationPlatforms) = postSolution
		{753FC878-21C3-4BB2-A8E1-13B432E4A7ED}.Debug|Any CPU.ActiveCfg = Debug|Any CPU
		{753FC878-21C3-4BB2-A8E1-13B432E4A7ED}.Debug|Any CPU.Build.0 = Debug|Any CPU
		{753FC878-21C3-4BB2-A8E1-13B432E4A7ED}.Release|Any CPU.ActiveCfg = Release|Any CPU
		{753FC878-21C3-4BB2-A8E1-13B432E4A7ED}.Release|Any CPU.Build.0 = Release|Any CPU
	EndGlobalSection
	GlobalSection(SolutionProperties) = preSolution
		HideSolutionNode = FALSE
	EndGlobalSection
	GlobalSection(ExtensibilityGlobals) = postSolution
		SolutionGuid = {099297C5-11DF-4403-88A3-BC20792D25E0}
	EndGlobalSection
EndGlobal
