
Microsoft Visual Studio Solution File, Format Version 12.00
# Visual Studio 15
VisualStudioVersion = 15.0.27130.2010
MinimumVisualStudioVersion = 10.0.40219.1
Project("{FAE04EC0-301F-11D3-BF4B-00C04F79EFBC}") = "HackerRank", "HackerRank\HackerRank.csproj", "{0ACD9450-AB5C-4001-83F4-4F1E049E7EB5}"
EndProject
Global
	GlobalSection(SolutionConfigurationPlatforms) = preSolution
		Debug|Any CPU = Debug|Any CPU
		Release|Any CPU = Release|Any CPU
	EndGlobalSection
	GlobalSection(ProjectConfigurationPlatforms) = postSolution
		{0ACD9450-AB5C-4001-83F4-4F1E049E7EB5}.Debug|Any CPU.ActiveCfg = Debug|Any CPU
		{0ACD9450-AB5C-4001-83F4-4F1E049E7EB5}.Debug|Any CPU.Build.0 = Debug|Any CPU
		{0ACD9450-AB5C-4001-83F4-4F1E049E7EB5}.Release|Any CPU.ActiveCfg = Release|Any CPU
		{0ACD9450-AB5C-4001-83F4-4F1E049E7EB5}.Release|Any CPU.Build.0 = Release|Any CPU
	EndGlobalSection
	GlobalSection(SolutionProperties) = preSolution
		HideSolutionNode = FALSE
	EndGlobalSection
	GlobalSection(ExtensibilityGlobals) = postSolution
		SolutionGuid = {E5B93954-A73C-43BA-9055-88B087299D70}
	EndGlobalSection
EndGlobal
